{
  "name": "ProyectoFinal",
  "lockfileVersion": 2,
  "requires": true,
  "packages": {
    "": {
      "dependencies": {
        "preline": "^1.2.1"
      }
    },
    "node_modules/@popperjs/core": {
      "version": "2.11.6",
      "resolved": "https://registry.npmjs.org/@popperjs/core/-/core-2.11.6.tgz",
      "integrity": "sha512-50/17A98tWUfQ176raKiOGXuYpLyyVMkxxG6oylzL3BPOlA6ADGdK7EYunSa4I064xerltq9TGXs8HmOk5E+vw==",
      "funding": {
        "type": "opencollective",
        "url": "https://opencollective.com/popperjs"
      }
    },
    "node_modules/preline": {
      "version": "1.2.1",
      "resolved": "https://registry.npmjs.org/preline/-/preline-1.2.1.tgz",
      "integrity": "sha512-MOmcPgxwYGLjpQpPF6PncZ87tBkofZdJAZWYL7XMaJALklj/NIWUMG4925wF8IaZPpmdBszkXJw2GCpWBl3TFA==",
      "dependencies": {
        "@popperjs/core": "^2.11.2"
      }
    }
  },
  "dependencies": {
    "@popperjs/core": {
      "version": "2.11.6",
      "resolved": "https://registry.npmjs.org/@popperjs/core/-/core-2.11.6.tgz",
      "integrity": "sha512-50/17A98tWUfQ176raKiOGXuYpLyyVMkxxG6oylzL3BPOlA6ADGdK7EYunSa4I064xerltq9TGXs8HmOk5E+vw=="
    },
    "preline": {
      "version": "1.2.1",
      "resolved": "https://registry.npmjs.org/preline/-/preline-1.2.1.tgz",
      "integrity": "sha512-MOmcPgxwYGLjpQpPF6PncZ87tBkofZdJAZWYL7XMaJALklj/NIWUMG4925wF8IaZPpmdBszkXJw2GCpWBl3TFA==",
      "requires": {
        "@popperjs/core": "^2.11.2"
      }
    }
  }
}
